{
    "name": "uniapp-native-plugin-demo",
    "version": "1.0.0",
    "lockfileVersion": 1,
    "requires": true,
    "dependencies": {
        "@rongcloud/calllib-uni": {
            "version": "0.0.1-alpha.12",
            "resolved": "https://registry.npmjs.org/@rongcloud/calllib-uni/-/calllib-uni-0.0.1-alpha.12.tgz",
            "integrity": "sha512-aFwYNqu/dAwSry6CkZVJtQi/UNNp5TdRnNArl4z6ilyaZVrltKWIZ1shAej/F3/XmgVcrJPFD6ZjvjwgooQJRw=="
        },
        "@rongcloud/imlib-uni": {
            "version": "5.1.3-release.2",
            "resolved": "https://registry.npmjs.org/@rongcloud/imlib-uni/-/imlib-uni-5.1.3-release.2.tgz",
            "integrity": "sha512-+ieF3zBofWet2FZc2HGyAHEbaMJOErKbAWonMyEVymR9VrQA8v7d1B1GuXiAOJ5rqcbq4vS1ZbyQrYyFOEq0Bg=="
        }
    }
}
