{
    "name": "uniapp-native-plugin-demo",
    "version": "1.0.0",
    "lockfileVersion": 1,
    "requires": true,
    "dependencies": {
        "@rongcloud/calllib-uni": {
            "version": "0.0.1-alpha.8",
            "resolved": "https://registry.npmjs.org/@rongcloud/calllib-uni/-/calllib-uni-0.0.1-alpha.8.tgz",
            "integrity": "sha512-2e8QE4JZPFXqeuuvhqWoJx8g1irOA+Np7IT9BVSTxXUyi9myLksEjnsZTwQV4xb1fiJrL8sIj9803Zpl1XPhjA=="
        },
        "@rongcloud/imlib-uni": {
            "version": "5.1.3-release.2",
            "resolved": "https://registry.npmjs.org/@rongcloud/imlib-uni/-/imlib-uni-5.1.3-release.2.tgz",
            "integrity": "sha512-+ieF3zBofWet2FZc2HGyAHEbaMJOErKbAWonMyEVymR9VrQA8v7d1B1GuXiAOJ5rqcbq4vS1ZbyQrYyFOEq0Bg=="
        }
    }
}
